
Microsoft Visual Studio Solution File, Format Version 12.00
# Visual Studio Version 17
VisualStudioVersion = 17.12.35527.113 d17.12
MinimumVisualStudioVersion = 10.0.40219.1
Project("{FAE04EC0-301F-11D3-BF4B-00C04F79EFBC}") = "eCommerce.API", "eCommerce.API\eCommerce.API.csproj", "{7F386DC6-94E1-4C18-817A-AA47D624F24F}"
EndProject
Project("{FAE04EC0-301F-11D3-BF4B-00C04F79EFBC}") = "eCommerce.Infrastructure", "eCommerce.Infrastructure\eCommerce.Infrastructure.csproj", "{91E90766-410E-413E-8139-F8C9ECFE704D}"
EndProject
Project("{FAE04EC0-301F-11D3-BF4B-00C04F79EFBC}") = "eCommerce.Core", "eCommerce.Core\eCommerce.Core.csproj", "{810D96FD-D5B0-4836-AFB8-88F01A91CD07}"
EndProject
Global
	GlobalSection(SolutionConfigurationPlatforms) = preSolution
		Debug|Any CPU = Debug|Any CPU
		Release|Any CPU = Release|Any CPU
	EndGlobalSection
	GlobalSection(ProjectConfigurationPlatforms) = postSolution
		{7F386DC6-94E1-4C18-817A-AA47D624F24F}.Debug|Any CPU.ActiveCfg = Debug|Any CPU
		{7F386DC6-94E1-4C18-817A-AA47D624F24F}.Debug|Any CPU.Build.0 = Debug|Any CPU
		{7F386DC6-94E1-4C18-817A-AA47D624F24F}.Release|Any CPU.ActiveCfg = Release|Any CPU
		{7F386DC6-94E1-4C18-817A-AA47D624F24F}.Release|Any CPU.Build.0 = Release|Any CPU
		{91E90766-410E-413E-8139-F8C9ECFE704D}.Debug|Any CPU.ActiveCfg = Debug|Any CPU
		{91E90766-410E-413E-8139-F8C9ECFE704D}.Debug|Any CPU.Build.0 = Debug|Any CPU
		{91E90766-410E-413E-8139-F8C9ECFE704D}.Release|Any CPU.ActiveCfg = Release|Any CPU
		{91E90766-410E-413E-8139-F8C9ECFE704D}.Release|Any CPU.Build.0 = Release|Any CPU
		{810D96FD-D5B0-4836-AFB8-88F01A91CD07}.Debug|Any CPU.ActiveCfg = Debug|Any CPU
		{810D96FD-D5B0-4836-AFB8-88F01A91CD07}.Debug|Any CPU.Build.0 = Debug|Any CPU
		{810D96FD-D5B0-4836-AFB8-88F01A91CD07}.Release|Any CPU.ActiveCfg = Release|Any CPU
		{810D96FD-D5B0-4836-AFB8-88F01A91CD07}.Release|Any CPU.Build.0 = Release|Any CPU
	EndGlobalSection
	GlobalSection(SolutionProperties) = preSolution
		HideSolutionNode = FALSE
	EndGlobalSection
EndGlobal
